
Microsoft Visual Studio Solution File, Format Version 12.00
# Visual Studio Version 17
VisualStudioVersion = 17.9.34616.47
MinimumVisualStudioVersion = 10.0.40219.1
Project("{FAE04EC0-301F-11D3-BF4B-00C04F79EFBC}") = "caderno-estudos", "caderno-estudos\caderno-estudos.csproj", "{DE58AE60-8264-4C18-8DC1-B822D0EB273A}"
EndProject
Global
	GlobalSection(SolutionConfigurationPlatforms) = preSolution
		Debug|Any CPU = Debug|Any CPU
		Release|Any CPU = Release|Any CPU
	EndGlobalSection
	GlobalSection(ProjectConfigurationPlatforms) = postSolution
		{DE58AE60-8264-4C18-8DC1-B822D0EB273A}.Debug|Any CPU.ActiveCfg = Debug|Any CPU
		{DE58AE60-8264-4C18-8DC1-B822D0EB273A}.Debug|Any CPU.Build.0 = Debug|Any CPU
		{DE58AE60-8264-4C18-8DC1-B822D0EB273A}.Release|Any CPU.ActiveCfg = Release|Any CPU
		{DE58AE60-8264-4C18-8DC1-B822D0EB273A}.Release|Any CPU.Build.0 = Release|Any CPU
	EndGlobalSection
	GlobalSection(SolutionProperties) = preSolution
		HideSolutionNode = FALSE
	EndGlobalSection
	GlobalSection(ExtensibilityGlobals) = postSolution
		SolutionGuid = {A18BB118-7148-47E4-AF99-4DC405427E75}
	EndGlobalSection
EndGlobal
